
Microsoft Visual Studio Solution File, Format Version 12.00
# Visual Studio 15
VisualStudioVersion = 15.0.28307.960
MinimumVisualStudioVersion = 10.0.40219.1
Project("{FAE04EC0-301F-11D3-BF4B-00C04F79EFBC}") = "ProyectoPVl", "ProyectoPVl\ProyectoPVl.csproj", "{96E3D184-B271-4BB1-99F6-5FD66BE97E06}"
EndProject
Global
	GlobalSection(SolutionConfigurationPlatforms) = preSolution
		Debug|Any CPU = Debug|Any CPU
		Release|Any CPU = Release|Any CPU
	EndGlobalSection
	GlobalSection(ProjectConfigurationPlatforms) = postSolution
		{96E3D184-B271-4BB1-99F6-5FD66BE97E06}.Debug|Any CPU.ActiveCfg = Debug|Any CPU
		{96E3D184-B271-4BB1-99F6-5FD66BE97E06}.Debug|Any CPU.Build.0 = Debug|Any CPU
		{96E3D184-B271-4BB1-99F6-5FD66BE97E06}.Release|Any CPU.ActiveCfg = Release|Any CPU
		{96E3D184-B271-4BB1-99F6-5FD66BE97E06}.Release|Any CPU.Build.0 = Release|Any CPU
	EndGlobalSection
	GlobalSection(SolutionProperties) = preSolution
		HideSolutionNode = FALSE
	EndGlobalSection
	GlobalSection(ExtensibilityGlobals) = postSolution
		SolutionGuid = {4B692442-B9D2-40BC-AD3F-E6E81B7379A5}
	EndGlobalSection
EndGlobal
